
Microsoft Visual Studio Solution File, Format Version 12.00
# Visual Studio Version 16
VisualStudioVersion = 16.0.32002.261
MinimumVisualStudioVersion = 10.0.40219.1
Project("{FAE04EC0-301F-11D3-BF4B-00C04F79EFBC}") = "homeinventory22", "homeinventory22\homeinventory22.csproj", "{7F131D28-07AD-4747-A825-5D47B2A7C460}"
EndProject
Global
	GlobalSection(SolutionConfigurationPlatforms) = preSolution
		Debug|Any CPU = Debug|Any CPU
		Release|Any CPU = Release|Any CPU
	EndGlobalSection
	GlobalSection(ProjectConfigurationPlatforms) = postSolution
		{7F131D28-07AD-4747-A825-5D47B2A7C460}.Debug|Any CPU.ActiveCfg = Debug|Any CPU
		{7F131D28-07AD-4747-A825-5D47B2A7C460}.Debug|Any CPU.Build.0 = Debug|Any CPU
		{7F131D28-07AD-4747-A825-5D47B2A7C460}.Release|Any CPU.ActiveCfg = Release|Any CPU
		{7F131D28-07AD-4747-A825-5D47B2A7C460}.Release|Any CPU.Build.0 = Release|Any CPU
	EndGlobalSection
	GlobalSection(SolutionProperties) = preSolution
		HideSolutionNode = FALSE
	EndGlobalSection
	GlobalSection(ExtensibilityGlobals) = postSolution
		SolutionGuid = {E2447B48-F1D5-4408-91E1-E35816E2D1FA}
	EndGlobalSection
EndGlobal
